
Microsoft Visual Studio Solution File, Format Version 12.00
# Visual Studio Version 17
VisualStudioVersion = 17.14.36603.0 d17.14
MinimumVisualStudioVersion = 10.0.40219.1
Project("{FAE04EC0-301F-11D3-BF4B-00C04F79EFBC}") = "Ders05", "Ders05\Ders05.csproj", "{DA9F8C60-E96A-4FDA-A1FB-FEB03469A6F5}"
EndProject
Global
	GlobalSection(SolutionConfigurationPlatforms) = preSolution
		Debug|Any CPU = Debug|Any CPU
		Release|Any CPU = Release|Any CPU
	EndGlobalSection
	GlobalSection(ProjectConfigurationPlatforms) = postSolution
		{DA9F8C60-E96A-4FDA-A1FB-FEB03469A6F5}.Debug|Any CPU.ActiveCfg = Debug|Any CPU
		{DA9F8C60-E96A-4FDA-A1FB-FEB03469A6F5}.Debug|Any CPU.Build.0 = Debug|Any CPU
		{DA9F8C60-E96A-4FDA-A1FB-FEB03469A6F5}.Release|Any CPU.ActiveCfg = Release|Any CPU
		{DA9F8C60-E96A-4FDA-A1FB-FEB03469A6F5}.Release|Any CPU.Build.0 = Release|Any CPU
	EndGlobalSection
	GlobalSection(SolutionProperties) = preSolution
		HideSolutionNode = FALSE
	EndGlobalSection
	GlobalSection(ExtensibilityGlobals) = postSolution
		SolutionGuid = {368C15C5-3569-468C-90AA-EADBBDF1E009}
	EndGlobalSection
EndGlobal
