
Microsoft Visual Studio Solution File, Format Version 12.00
# Visual Studio Version 17
VisualStudioVersion = 17.14.36603.0 d17.14
MinimumVisualStudioVersion = 10.0.40219.1
Project("{FAE04EC0-301F-11D3-BF4B-00C04F79EFBC}") = "Der03", "Der03\Der03.csproj", "{71C2456C-AEF5-4DB1-AEC4-BDF822C6E162}"
EndProject
Global
	GlobalSection(SolutionConfigurationPlatforms) = preSolution
		Debug|Any CPU = Debug|Any CPU
		Release|Any CPU = Release|Any CPU
	EndGlobalSection
	GlobalSection(ProjectConfigurationPlatforms) = postSolution
		{71C2456C-AEF5-4DB1-AEC4-BDF822C6E162}.Debug|Any CPU.ActiveCfg = Debug|Any CPU
		{71C2456C-AEF5-4DB1-AEC4-BDF822C6E162}.Debug|Any CPU.Build.0 = Debug|Any CPU
		{71C2456C-AEF5-4DB1-AEC4-BDF822C6E162}.Release|Any CPU.ActiveCfg = Release|Any CPU
		{71C2456C-AEF5-4DB1-AEC4-BDF822C6E162}.Release|Any CPU.Build.0 = Release|Any CPU
	EndGlobalSection
	GlobalSection(SolutionProperties) = preSolution
		HideSolutionNode = FALSE
	EndGlobalSection
	GlobalSection(ExtensibilityGlobals) = postSolution
		SolutionGuid = {08CB2AE3-5B8B-46B6-BC76-94806529A65D}
	EndGlobalSection
EndGlobal
